
Microsoft Visual Studio Solution File, Format Version 12.00
# Visual Studio 2013
VisualStudioVersion = 12.0.31101.0
MinimumVisualStudioVersion = 10.0.40219.1
Project("{FAE04EC0-301F-11D3-BF4B-00C04F79EFBC}") = "task1", "task1\task1.csproj", "{312D690B-0BDA-492F-AF90-B7928EF99097}"
EndProject
Project("{FAE04EC0-301F-11D3-BF4B-00C04F79EFBC}") = "task2", "task2\task2.csproj", "{09A9356B-352D-4336-AAF8-DE9915EFEA73}"
EndProject
Project("{FAE04EC0-301F-11D3-BF4B-00C04F79EFBC}") = "Task3", "Task3\Task3.csproj", "{53A7839D-8022-4496-825E-820585554EC3}"
EndProject
Project("{FAE04EC0-301F-11D3-BF4B-00C04F79EFBC}") = "task 4", "task 4\task 4.csproj", "{3EF60256-1336-42F8-BB2A-D143B29287EC}"
EndProject
Global
	GlobalSection(SolutionConfigurationPlatforms) = preSolution
		Debug|Any CPU = Debug|Any CPU
		Release|Any CPU = Release|Any CPU
	EndGlobalSection
	GlobalSection(ProjectConfigurationPlatforms) = postSolution
		{312D690B-0BDA-492F-AF90-B7928EF99097}.Debug|Any CPU.ActiveCfg = Debug|Any CPU
		{312D690B-0BDA-492F-AF90-B7928EF99097}.Debug|Any CPU.Build.0 = Debug|Any CPU
		{312D690B-0BDA-492F-AF90-B7928EF99097}.Release|Any CPU.ActiveCfg = Release|Any CPU
		{312D690B-0BDA-492F-AF90-B7928EF99097}.Release|Any CPU.Build.0 = Release|Any CPU
		{09A9356B-352D-4336-AAF8-DE9915EFEA73}.Debug|Any CPU.ActiveCfg = Debug|Any CPU
		{09A9356B-352D-4336-AAF8-DE9915EFEA73}.Debug|Any CPU.Build.0 = Debug|Any CPU
		{09A9356B-352D-4336-AAF8-DE9915EFEA73}.Release|Any CPU.ActiveCfg = Release|Any CPU
		{09A9356B-352D-4336-AAF8-DE9915EFEA73}.Release|Any CPU.Build.0 = Release|Any CPU
		{53A7839D-8022-4496-825E-820585554EC3}.Debug|Any CPU.ActiveCfg = Debug|Any CPU
		{53A7839D-8022-4496-825E-820585554EC3}.Debug|Any CPU.Build.0 = Debug|Any CPU
		{53A7839D-8022-4496-825E-820585554EC3}.Release|Any CPU.ActiveCfg = Release|Any CPU
		{53A7839D-8022-4496-825E-820585554EC3}.Release|Any CPU.Build.0 = Release|Any CPU
		{3EF60256-1336-42F8-BB2A-D143B29287EC}.Debug|Any CPU.ActiveCfg = Debug|Any CPU
		{3EF60256-1336-42F8-BB2A-D143B29287EC}.Debug|Any CPU.Build.0 = Debug|Any CPU
		{3EF60256-1336-42F8-BB2A-D143B29287EC}.Release|Any CPU.ActiveCfg = Release|Any CPU
		{3EF60256-1336-42F8-BB2A-D143B29287EC}.Release|Any CPU.Build.0 = Release|Any CPU
	EndGlobalSection
	GlobalSection(SolutionProperties) = preSolution
		HideSolutionNode = FALSE
	EndGlobalSection
EndGlobal
